// !$*UTF8*$!
{
	archiveVersion = 1;
	classes = {
	};
	objectVersion = 46;
	objects = {

/* Begin PBXBuildFile section */
		504699E71A988A840035D259 /* BotNode.swift in Sources */ = {isa = PBXBuildFile; fileRef = 504699E61A988A840035D259 /* BotNode.swift */; };
		BA22B4511A9965DC00E79694 /* female.png in Resources */ = {isa = PBXBuildFile; fileRef = BA22B44F1A9965DC00E79694 /* female.png */; };
		BA22B4521A9965DC00E79694 /* male.png in Resources */ = {isa = PBXBuildFile; fileRef = BA22B4501A9965DC00E79694 /* male.png */; };
		BA22B4551A99688E00E79694 /* female_.png in Resources */ = {isa = PBXBuildFile; fileRef = BA22B4531A99688E00E79694 /* female_.png */; };
		BA22B4561A99688E00E79694 /* male_.png in Resources */ = {isa = PBXBuildFile; fileRef = BA22B4541A99688E00E79694 /* male_.png */; };
		BA22B45D1A9984D300E79694 /* age_button_.png in Resources */ = {isa = PBXBuildFile; fileRef = BA22B4571A9984D300E79694 /* age_button_.png */; };
		BA22B45E1A9984D300E79694 /* age_button.png in Resources */ = {isa = PBXBuildFile; fileRef = BA22B4581A9984D300E79694 /* age_button.png */; };
		BA22B45F1A9984D300E79694 /* happiness_button_.png in Resources */ = {isa = PBXBuildFile; fileRef = BA22B4591A9984D300E79694 /* happiness_button_.png */; };
		BA22B4601A9984D300E79694 /* happiness_button.png in Resources */ = {isa = PBXBuildFile; fileRef = BA22B45A1A9984D300E79694 /* happiness_button.png */; };
		BA22B4611A9984D300E79694 /* health_button_.png in Resources */ = {isa = PBXBuildFile; fileRef = BA22B45B1A9984D300E79694 /* health_button_.png */; };
		BA22B4621A9984D300E79694 /* health_button.png in Resources */ = {isa = PBXBuildFile; fileRef = BA22B45C1A9984D300E79694 /* health_button.png */; };
		BA75A7331A9A075E008F03C1 /* action_list_dialog_bg.png in Resources */ = {isa = PBXBuildFile; fileRef = BA75A7311A9A075E008F03C1 /* action_list_dialog_bg.png */; };
		BA75A7341A9A075E008F03C1 /* action_modal_bg.png in Resources */ = {isa = PBXBuildFile; fileRef = BA75A7321A9A075E008F03C1 /* action_modal_bg.png */; };
		BA75A7381A9A0A09008F03C1 /* action_list_item_bg_high.png in Resources */ = {isa = PBXBuildFile; fileRef = BA75A7351A9A0A09008F03C1 /* action_list_item_bg_high.png */; };
		BA75A7391A9A0A09008F03C1 /* action_list_item_bg_low.png in Resources */ = {isa = PBXBuildFile; fileRef = BA75A7361A9A0A09008F03C1 /* action_list_item_bg_low.png */; };
		BA75A73A1A9A0A09008F03C1 /* action_list_item_bg_medium.png in Resources */ = {isa = PBXBuildFile; fileRef = BA75A7371A9A0A09008F03C1 /* action_list_item_bg_medium.png */; };
		BA75A73C1A9A10D4008F03C1 /* action_list_close_button.png in Resources */ = {isa = PBXBuildFile; fileRef = BA75A73B1A9A10D4008F03C1 /* action_list_close_button.png */; };
		BA75A73E1A9A143F008F03C1 /* action_list_close_button_.png in Resources */ = {isa = PBXBuildFile; fileRef = BA75A73D1A9A143F008F03C1 /* action_list_close_button_.png */; };
		BA75A7401A9A15E9008F03C1 /* ActionScene.swift in Sources */ = {isa = PBXBuildFile; fileRef = BA75A73F1A9A15E9008F03C1 /* ActionScene.swift */; };
		BA75A7421A9A191C008F03C1 /* action_modal_bg2.png in Resources */ = {isa = PBXBuildFile; fileRef = BA75A7411A9A191C008F03C1 /* action_modal_bg2.png */; };
		BA75A7441A9A22FA008F03C1 /* ActionDatailScene.swift in Sources */ = {isa = PBXBuildFile; fileRef = BA75A7431A9A22FA008F03C1 /* ActionDatailScene.swift */; };
		BA75A7461A9A251E008F03C1 /* action_confirm_dialog_bg.png in Resources */ = {isa = PBXBuildFile; fileRef = BA75A7451A9A251D008F03C1 /* action_confirm_dialog_bg.png */; };
		BA75A7491A9A260E008F03C1 /* action_back_button_.png in Resources */ = {isa = PBXBuildFile; fileRef = BA75A7471A9A260E008F03C1 /* action_back_button_.png */; };
		BA75A74A1A9A260E008F03C1 /* action_back_button.png in Resources */ = {isa = PBXBuildFile; fileRef = BA75A7481A9A260E008F03C1 /* action_back_button.png */; };
		BA9C63AB1A9846970037C425 /* character.png in Resources */ = {isa = PBXBuildFile; fileRef = BA9C63AA1A9846970037C425 /* character.png */; };
		BA9C63CB1A98D76E0037C425 /* FoodNode.swift in Sources */ = {isa = PBXBuildFile; fileRef = BA9C63CA1A98D76E0037C425 /* FoodNode.swift */; };
		BA9C63E11A9904BE0037C425 /* alcohol.png in Resources */ = {isa = PBXBuildFile; fileRef = BA9C63CD1A9904BE0037C425 /* alcohol.png */; };
		BA9C63E21A9904BE0037C425 /* apple.png in Resources */ = {isa = PBXBuildFile; fileRef = BA9C63CE1A9904BE0037C425 /* apple.png */; };
		BA9C63E31A9904BE0037C425 /* banana.png in Resources */ = {isa = PBXBuildFile; fileRef = BA9C63CF1A9904BE0037C425 /* banana.png */; };
		BA9C63E41A9904BE0037C425 /* bread.png in Resources */ = {isa = PBXBuildFile; fileRef = BA9C63D01A9904BE0037C425 /* bread.png */; };
		BA9C63E51A9904BE0037C425 /* burger.png in Resources */ = {isa = PBXBuildFile; fileRef = BA9C63D11A9904BE0037C425 /* burger.png */; };
		BA9C63E61A9904BE0037C425 /* carrot.png in Resources */ = {isa = PBXBuildFile; fileRef = BA9C63D21A9904BE0037C425 /* carrot.png */; };
		BA9C63E71A9904BE0037C425 /* cheese.png in Resources */ = {isa = PBXBuildFile; fileRef = BA9C63D31A9904BE0037C425 /* cheese.png */; };
		BA9C63E81A9904BE0037C425 /* cherry.png in Resources */ = {isa = PBXBuildFile; fileRef = BA9C63D41A9904BE0037C425 /* cherry.png */; };
		BA9C63E91A9904BE0037C425 /* chicken.png in Resources */ = {isa = PBXBuildFile; fileRef = BA9C63D51A9904BE0037C425 /* chicken.png */; };
		BA9C63EA1A9904BE0037C425 /* cigarette.png in Resources */ = {isa = PBXBuildFile; fileRef = BA9C63D61A9904BE0037C425 /* cigarette.png */; };
		BA9C63EB1A9904BE0037C425 /* donut.png in Resources */ = {isa = PBXBuildFile; fileRef = BA9C63D71A9904BE0037C425 /* donut.png */; };
		BA9C63EC1A9904BE0037C425 /* drug.png in Resources */ = {isa = PBXBuildFile; fileRef = BA9C63D81A9904BE0037C425 /* drug.png */; };
		BA9C63ED1A9904BE0037C425 /* egg.png in Resources */ = {isa = PBXBuildFile; fileRef = BA9C63D91A9904BE0037C425 /* egg.png */; };
		BA9C63EE1A9904BE0037C425 /* fish.png in Resources */ = {isa = PBXBuildFile; fileRef = BA9C63DA1A9904BE0037C425 /* fish.png */; };
		BA9C63EF1A9904BE0037C425 /* grape.png in Resources */ = {isa = PBXBuildFile; fileRef = BA9C63DB1A9904BE0037C425 /* grape.png */; };
		BA9C63F01A9904BE0037C425 /* lobster.png in Resources */ = {isa = PBXBuildFile; fileRef = BA9C63DC1A9904BE0037C425 /* lobster.png */; };
		BA9C63F11A9904BE0037C425 /* milk.png in Resources */ = {isa = PBXBuildFile; fileRef = BA9C63DD1A9904BE0037C425 /* milk.png */; };
		BA9C63F21A9904BE0037C425 /* pepper.png in Resources */ = {isa = PBXBuildFile; fileRef = BA9C63DE1A9904BE0037C425 /* pepper.png */; };
		BA9C63F31A9904BE0037C425 /* pizza.png in Resources */ = {isa = PBXBuildFile; fileRef = BA9C63DF1A9904BE0037C425 /* pizza.png */; };
		BA9C63F41A9904BE0037C425 /* softdrink.png in Resources */ = {isa = PBXBuildFile; fileRef = BA9C63E01A9904BE0037C425 /* softdrink.png */; };
		BA9C63F71A9912890037C425 /* bite.mp3 in Resources */ = {isa = PBXBuildFile; fileRef = BA9C63F61A9912890037C425 /* bite.mp3 */; };
		BA9C63F91A9915ED0037C425 /* room.png in Resources */ = {isa = PBXBuildFile; fileRef = BA9C63F81A9915ED0037C425 /* room.png */; };
		BA9C63FC1A992D040037C425 /* action_button.png in Resources */ = {isa = PBXBuildFile; fileRef = BA9C63FA1A992D040037C425 /* action_button.png */; };
		BA9C63FD1A992D040037C425 /* back_button.png in Resources */ = {isa = PBXBuildFile; fileRef = BA9C63FB1A992D040037C425 /* back_button.png */; };
		BA9C63FF1A992E3D0037C425 /* move_button.png in Resources */ = {isa = PBXBuildFile; fileRef = BA9C63FE1A992E3D0037C425 /* move_button.png */; };
		BA9C64011A992EAD0037C425 /* background.png in Resources */ = {isa = PBXBuildFile; fileRef = BA9C64001A992EAD0037C425 /* background.png */; };
		BA9C64051A99359C0037C425 /* action_button_.png in Resources */ = {isa = PBXBuildFile; fileRef = BA9C64021A99359C0037C425 /* action_button_.png */; };
		BA9C64061A99359C0037C425 /* back_button_.png in Resources */ = {isa = PBXBuildFile; fileRef = BA9C64031A99359C0037C425 /* back_button_.png */; };
		BA9C64071A99359C0037C425 /* move_button_.png in Resources */ = {isa = PBXBuildFile; fileRef = BA9C64041A99359C0037C425 /* move_button_.png */; };
		BAC4C3951A9A274E00E7CA04 /* action_confirm_button_.png in Resources */ = {isa = PBXBuildFile; fileRef = BAC4C3931A9A274E00E7CA04 /* action_confirm_button_.png */; };
		BAC4C3961A9A274E00E7CA04 /* action_confirm_button.png in Resources */ = {isa = PBXBuildFile; fileRef = BAC4C3941A9A274E00E7CA04 /* action_confirm_button.png */; };
		BAC4C39A1A9A29A000E7CA04 /* action_confirm_high.png in Resources */ = {isa = PBXBuildFile; fileRef = BAC4C3971A9A29A000E7CA04 /* action_confirm_high.png */; };
		BAC4C39B1A9A29A000E7CA04 /* action_confirm_low.png in Resources */ = {isa = PBXBuildFile; fileRef = BAC4C3981A9A29A000E7CA04 /* action_confirm_low.png */; };
		BAC4C39C1A9A29A000E7CA04 /* action_confirm_medium.png in Resources */ = {isa = PBXBuildFile; fileRef = BAC4C3991A9A29A000E7CA04 /* action_confirm_medium.png */; };
		BAC4C39E1A9A307B00E7CA04 /* action_age_reward.png in Resources */ = {isa = PBXBuildFile; fileRef = BAC4C39D1A9A307B00E7CA04 /* action_age_reward.png */; };
		F32B2B4D1A96148000C6FE3E /* MoveScene.swift in Sources */ = {isa = PBXBuildFile; fileRef = F32B2B4C1A96148000C6FE3E /* MoveScene.swift */; };
		F34BD0051A94F1A7009A4743 /* maleBot.png in Resources */ = {isa = PBXBuildFile; fileRef = F34BD0041A94F1A7009A4743 /* maleBot.png */; };
		F34BD0091A94F45E009A4743 /* LocationScene.swift in Sources */ = {isa = PBXBuildFile; fileRef = F34BD0081A94F45E009A4743 /* LocationScene.swift */; };
		F34BD00B1A950548009A4743 /* DeathRateByProvince.swift in Sources */ = {isa = PBXBuildFile; fileRef = F34BD00A1A950548009A4743 /* DeathRateByProvince.swift */; };
		F370C88A1A94C0A3007E4498 /* AppDelegate.swift in Sources */ = {isa = PBXBuildFile; fileRef = F370C8891A94C0A3007E4498 /* AppDelegate.swift */; };
		F370C88E1A94C0A3007E4498 /* GameScene.swift in Sources */ = {isa = PBXBuildFile; fileRef = F370C88D1A94C0A3007E4498 /* GameScene.swift */; };
		F370C8901A94C0A3007E4498 /* GameViewController.swift in Sources */ = {isa = PBXBuildFile; fileRef = F370C88F1A94C0A3007E4498 /* GameViewController.swift */; };
		F370C8931A94C0A3007E4498 /* Main.storyboard in Resources */ = {isa = PBXBuildFile; fileRef = F370C8911A94C0A3007E4498 /* Main.storyboard */; };
		F370C8951A94C0A3007E4498 /* Images.xcassets in Resources */ = {isa = PBXBuildFile; fileRef = F370C8941A94C0A3007E4498 /* Images.xcassets */; };
		F370C8981A94C0A3007E4498 /* LaunchScreen.xib in Resources */ = {isa = PBXBuildFile; fileRef = F370C8961A94C0A3007E4498 /* LaunchScreen.xib */; };
		F370C8A41A94C0A3007E4498 /* DeathBotTests.swift in Sources */ = {isa = PBXBuildFile; fileRef = F370C8A31A94C0A3007E4498 /* DeathBotTests.swift */; };
		F370C8B01A94C67A007E4498 /* Bot.swift in Sources */ = {isa = PBXBuildFile; fileRef = F370C8AF1A94C67A007E4498 /* Bot.swift */; };
		F370C8B21A94C68D007E4498 /* ActionList.swift in Sources */ = {isa = PBXBuildFile; fileRef = F370C8B11A94C68D007E4498 /* ActionList.swift */; };
		F370C8B41A94C69C007E4498 /* Death.swift in Sources */ = {isa = PBXBuildFile; fileRef = F370C8B31A94C69C007E4498 /* Death.swift */; };
		F370C8B61A94D304007E4498 /* Game.swift in Sources */ = {isa = PBXBuildFile; fileRef = F370C8B51A94D304007E4498 /* Game.swift */; };
		F370C8B81A94D49C007E4498 /* ActionButton.swift in Sources */ = {isa = PBXBuildFile; fileRef = F370C8B71A94D49C007E4498 /* ActionButton.swift */; };
		F370C8BA1A94D5A0007E4498 /* GameSceneHowTo.swift in Sources */ = {isa = PBXBuildFile; fileRef = F370C8B91A94D5A0007E4498 /* GameSceneHowTo.swift */; };
		F37295B21A958C670062CCD7 /* BotData.swift in Sources */ = {isa = PBXBuildFile; fileRef = F37295B11A958C670062CCD7 /* BotData.swift */; };
		F37295B41A958EA80062CCD7 /* BotDataManager.swift in Sources */ = {isa = PBXBuildFile; fileRef = F37295B31A958EA80062CCD7 /* BotDataManager.swift */; };
		F37996EA1A9A2E41000C144B /* gameover_bg.png in Resources */ = {isa = PBXBuildFile; fileRef = F37996E91A9A2E41000C144B /* gameover_bg.png */; };
		F37996EE1A9A2E6E000C144B /* gameover_home_button_.png in Resources */ = {isa = PBXBuildFile; fileRef = F37996EB1A9A2E6E000C144B /* gameover_home_button_.png */; };
		F37996EF1A9A2E6E000C144B /* gameover_home_button.png in Resources */ = {isa = PBXBuildFile; fileRef = F37996EC1A9A2E6E000C144B /* gameover_home_button.png */; };
		F37996F01A9A2E6E000C144B /* gameover_title.png in Resources */ = {isa = PBXBuildFile; fileRef = F37996ED1A9A2E6E000C144B /* gameover_title.png */; };
		F37996F21A9A2E79000C144B /* dead_egg.png in Resources */ = {isa = PBXBuildFile; fileRef = F37996F11A9A2E79000C144B /* dead_egg.png */; };
		F381224D1A9636A500A10777 /* female_button_.png in Resources */ = {isa = PBXBuildFile; fileRef = F38122481A9636A500A10777 /* female_button_.png */; };
		F381224E1A9636A500A10777 /* female_button.png in Resources */ = {isa = PBXBuildFile; fileRef = F38122491A9636A500A10777 /* female_button.png */; };
		F381224F1A9636A500A10777 /* gender_bg.png in Resources */ = {isa = PBXBuildFile; fileRef = F381224A1A9636A500A10777 /* gender_bg.png */; };
		F38122501A9636A500A10777 /* male_button_.png in Resources */ = {isa = PBXBuildFile; fileRef = F381224B1A9636A500A10777 /* male_button_.png */; };
		F38122511A9636A500A10777 /* male_button.png in Resources */ = {isa = PBXBuildFile; fileRef = F381224C1A9636A500A10777 /* male_button.png */; };
		F38668571A94EC2E00C1FF1D /* NewGameScene.swift in Sources */ = {isa = PBXBuildFile; fileRef = F38668561A94EC2E00C1FF1D /* NewGameScene.swift */; };
		F38F76BF1A95490C00FF8C04 /* DeathRateByAge.swift in Sources */ = {isa = PBXBuildFile; fileRef = F38F76BE1A95490C00FF8C04 /* DeathRateByAge.swift */; };
		F39166C01A95E1E800BEFC90 /* GameOverScene.swift in Sources */ = {isa = PBXBuildFile; fileRef = F39166BF1A95E1E800BEFC90 /* GameOverScene.swift */; };
		F393B8241A95525600EE3241 /* DeathRateByGender.swift in Sources */ = {isa = PBXBuildFile; fileRef = F393B8231A95525600EE3241 /* DeathRateByGender.swift */; };
		F3B4C3CB1A99C225009B5202 /* landingBG.png in Resources */ = {isa = PBXBuildFile; fileRef = F3B4C3CA1A99C225009B5202 /* landingBG.png */; };
		F3B4C3CD1A99C281009B5202 /* start_button_.png in Resources */ = {isa = PBXBuildFile; fileRef = F3B4C3CC1A99C281009B5202 /* start_button_.png */; };
		F3B4C3CF1A99C290009B5202 /* start_button.png in Resources */ = {isa = PBXBuildFile; fileRef = F3B4C3CE1A99C290009B5202 /* start_button.png */; };
		F3B4C3D21A99C2A3009B5202 /* continue_button_.png in Resources */ = {isa = PBXBuildFile; fileRef = F3B4C3D01A99C2A3009B5202 /* continue_button_.png */; };
		F3B4C3D31A99C2A3009B5202 /* continue_button.png in Resources */ = {isa = PBXBuildFile; fileRef = F3B4C3D11A99C2A3009B5202 /* continue_button.png */; };
		F3B4C3D61A99C2C3009B5202 /* info_button_.png in Resources */ = {isa = PBXBuildFile; fileRef = F3B4C3D41A99C2C3009B5202 /* info_button_.png */; };
		F3B4C3D71A99C2C3009B5202 /* info_button.png in Resources */ = {isa = PBXBuildFile; fileRef = F3B4C3D51A99C2C3009B5202 /* info_button.png */; };
		F3B4C3D91A99C2E3009B5202 /* copyright_label.png in Resources */ = {isa = PBXBuildFile; fileRef = F3B4C3D81A99C2E3009B5202 /* copyright_label.png */; };
		F3B4C3DB1A99C621009B5202 /* male-toddler.png in Resources */ = {isa = PBXBuildFile; fileRef = F3B4C3DA1A99C621009B5202 /* male-toddler.png */; };
		F3B4C3E11A99C64D009B5202 /* male-adult.png in Resources */ = {isa = PBXBuildFile; fileRef = F3B4C3DC1A99C64D009B5202 /* male-adult.png */; };
		F3B4C3E21A99C64D009B5202 /* male-child.png in Resources */ = {isa = PBXBuildFile; fileRef = F3B4C3DD1A99C64D009B5202 /* male-child.png */; };
		F3B4C3E31A99C64D009B5202 /* male-golden-oldie.png in Resources */ = {isa = PBXBuildFile; fileRef = F3B4C3DE1A99C64D009B5202 /* male-golden-oldie.png */; };
		F3B4C3E41A99C64D009B5202 /* male-senior.png in Resources */ = {isa = PBXBuildFile; fileRef = F3B4C3DF1A99C64D009B5202 /* male-senior.png */; };
		F3B4C3E51A99C64D009B5202 /* male-teenager.png in Resources */ = {isa = PBXBuildFile; fileRef = F3B4C3E01A99C64D009B5202 /* male-teenager.png */; };
		F3B4C3EC1A99C683009B5202 /* female-adult.png in Resources */ = {isa = PBXBuildFile; fileRef = F3B4C3E61A99C683009B5202 /* female-adult.png */; };
		F3B4C3ED1A99C683009B5202 /* female-child.png in Resources */ = {isa = PBXBuildFile; fileRef = F3B4C3E71A99C683009B5202 /* female-child.png */; };
		F3B4C3EE1A99C683009B5202 /* female-golden-oldie.png in Resources */ = {isa = PBXBuildFile; fileRef = F3B4C3E81A99C683009B5202 /* female-golden-oldie.png */; };
		F3B4C3EF1A99C683009B5202 /* female-senior.png in Resources */ = {isa = PBXBuildFile; fileRef = F3B4C3E91A99C683009B5202 /* female-senior.png */; };
		F3B4C3F01A99C683009B5202 /* female-teenager.png in Resources */ = {isa = PBXBuildFile; fileRef = F3B4C3EA1A99C683009B5202 /* female-teenager.png */; };
		F3B4C3F11A99C683009B5202 /* female-toddler.png in Resources */ = {isa = PBXBuildFile; fileRef = F3B4C3EB1A99C683009B5202 /* female-toddler.png */; };
		F3BCA7461A99A86000F8C7A9 /* landing_back_button__360.png in Resources */ = {isa = PBXBuildFile; fileRef = F3BCA7451A99A86000F8C7A9 /* landing_back_button__360.png */; };
		F3BCA7481A99A88F00F8C7A9 /* landing_back_button.png in Resources */ = {isa = PBXBuildFile; fileRef = F3BCA7471A99A88F00F8C7A9 /* landing_back_button.png */; };
		F3BCA7581A99B0B600F8C7A9 /* AB.png in Resources */ = {isa = PBXBuildFile; fileRef = F3BCA74A1A99B0B600F8C7A9 /* AB.png */; };
		F3BCA7591A99B0B600F8C7A9 /* location_background.png in Resources */ = {isa = PBXBuildFile; fileRef = F3BCA74B1A99B0B600F8C7A9 /* location_background.png */; };
		F3BCA75A1A99B0B600F8C7A9 /* BC.png in Resources */ = {isa = PBXBuildFile; fileRef = F3BCA74C1A99B0B600F8C7A9 /* BC.png */; };
		F3BCA75B1A99B0B600F8C7A9 /* MB.png in Resources */ = {isa = PBXBuildFile; fileRef = F3BCA74D1A99B0B600F8C7A9 /* MB.png */; };
		F3BCA75C1A99B0B600F8C7A9 /* NB.png in Resources */ = {isa = PBXBuildFile; fileRef = F3BCA74E1A99B0B600F8C7A9 /* NB.png */; };
		F3BCA75D1A99B0B600F8C7A9 /* NL.png in Resources */ = {isa = PBXBuildFile; fileRef = F3BCA74F1A99B0B600F8C7A9 /* NL.png */; };
		F3BCA75E1A99B0B600F8C7A9 /* NS.png in Resources */ = {isa = PBXBuildFile; fileRef = F3BCA7501A99B0B600F8C7A9 /* NS.png */; };
		F3BCA75F1A99B0B600F8C7A9 /* NT.png in Resources */ = {isa = PBXBuildFile; fileRef = F3BCA7511A99B0B600F8C7A9 /* NT.png */; };
		F3BCA7601A99B0B600F8C7A9 /* NU.png in Resources */ = {isa = PBXBuildFile; fileRef = F3BCA7521A99B0B600F8C7A9 /* NU.png */; };
		F3BCA7611A99B0B600F8C7A9 /* ON.png in Resources */ = {isa = PBXBuildFile; fileRef = F3BCA7531A99B0B600F8C7A9 /* ON.png */; };
		F3BCA7621A99B0B600F8C7A9 /* PE.png in Resources */ = {isa = PBXBuildFile; fileRef = F3BCA7541A99B0B600F8C7A9 /* PE.png */; };
		F3BCA7631A99B0B600F8C7A9 /* QC.png in Resources */ = {isa = PBXBuildFile; fileRef = F3BCA7551A99B0B600F8C7A9 /* QC.png */; };
		F3BCA7641A99B0B600F8C7A9 /* SK.png in Resources */ = {isa = PBXBuildFile; fileRef = F3BCA7561A99B0B600F8C7A9 /* SK.png */; };
		F3BCA7651A99B0B600F8C7A9 /* YT.png in Resources */ = {isa = PBXBuildFile; fileRef = F3BCA7571A99B0B600F8C7A9 /* YT.png */; };
/* End PBXBuildFile section */

/* Begin PBXContainerItemProxy section */
		F370C89E1A94C0A3007E4498 /* PBXContainerItemProxy */ = {
			isa = PBXContainerItemProxy;
			containerPortal = F370C87C1A94C0A3007E4498 /* Project object */;
			proxyType = 1;
			remoteGlobalIDString = F370C8831A94C0A3007E4498;
			remoteInfo = DeathBot;
		};
/* End PBXContainerItemProxy section */

/* Begin PBXFileReference section */
		504699E61A988A840035D259 /* BotNode.swift */ = {isa = PBXFileReference; fileEncoding = 4; lastKnownFileType = sourcecode.swift; path = BotNode.swift; sourceTree = "<group>"; };
		BA22B44F1A9965DC00E79694 /* female.png */ = {isa = PBXFileReference; lastKnownFileType = image.png; path = female.png; sourceTree = "<group>"; };
		BA22B4501A9965DC00E79694 /* male.png */ = {isa = PBXFileReference; lastKnownFileType = image.png; path = male.png; sourceTree = "<group>"; };
		BA22B4531A99688E00E79694 /* female_.png */ = {isa = PBXFileReference; lastKnownFileType = image.png; path = female_.png; sourceTree = "<group>"; };
		BA22B4541A99688E00E79694 /* male_.png */ = {isa = PBXFileReference; lastKnownFileType = image.png; path = male_.png; sourceTree = "<group>"; };
		BA22B4571A9984D300E79694 /* age_button_.png */ = {isa = PBXFileReference; lastKnownFileType = image.png; path = age_button_.png; sourceTree = "<group>"; };
		BA22B4581A9984D300E79694 /* age_button.png */ = {isa = PBXFileReference; lastKnownFileType = image.png; path = age_button.png; sourceTree = "<group>"; };
		BA22B4591A9984D300E79694 /* happiness_button_.png */ = {isa = PBXFileReference; lastKnownFileType = image.png; path = happiness_button_.png; sourceTree = "<group>"; };
		BA22B45A1A9984D300E79694 /* happiness_button.png */ = {isa = PBXFileReference; lastKnownFileType = image.png; path = happiness_button.png; sourceTree = "<group>"; };
		BA22B45B1A9984D300E79694 /* health_button_.png */ = {isa = PBXFileReference; lastKnownFileType = image.png; path = health_button_.png; sourceTree = "<group>"; };
		BA22B45C1A9984D300E79694 /* health_button.png */ = {isa = PBXFileReference; lastKnownFileType = image.png; path = health_button.png; sourceTree = "<group>"; };
		BA75A7311A9A075E008F03C1 /* action_list_dialog_bg.png */ = {isa = PBXFileReference; lastKnownFileType = image.png; path = action_list_dialog_bg.png; sourceTree = "<group>"; };
		BA75A7321A9A075E008F03C1 /* action_modal_bg.png */ = {isa = PBXFileReference; lastKnownFileType = image.png; path = action_modal_bg.png; sourceTree = "<group>"; };
		BA75A7351A9A0A09008F03C1 /* action_list_item_bg_high.png */ = {isa = PBXFileReference; lastKnownFileType = image.png; path = action_list_item_bg_high.png; sourceTree = "<group>"; };
		BA75A7361A9A0A09008F03C1 /* action_list_item_bg_low.png */ = {isa = PBXFileReference; lastKnownFileType = image.png; path = action_list_item_bg_low.png; sourceTree = "<group>"; };
		BA75A7371A9A0A09008F03C1 /* action_list_item_bg_medium.png */ = {isa = PBXFileReference; lastKnownFileType = image.png; path = action_list_item_bg_medium.png; sourceTree = "<group>"; };
		BA75A73B1A9A10D4008F03C1 /* action_list_close_button.png */ = {isa = PBXFileReference; lastKnownFileType = image.png; path = action_list_close_button.png; sourceTree = "<group>"; };
		BA75A73D1A9A143F008F03C1 /* action_list_close_button_.png */ = {isa = PBXFileReference; lastKnownFileType = image.png; path = action_list_close_button_.png; sourceTree = "<group>"; };
		BA75A73F1A9A15E9008F03C1 /* ActionScene.swift */ = {isa = PBXFileReference; fileEncoding = 4; lastKnownFileType = sourcecode.swift; path = ActionScene.swift; sourceTree = "<group>"; };
		BA75A7411A9A191C008F03C1 /* action_modal_bg2.png */ = {isa = PBXFileReference; lastKnownFileType = image.png; path = action_modal_bg2.png; sourceTree = "<group>"; };
		BA75A7431A9A22FA008F03C1 /* ActionDatailScene.swift */ = {isa = PBXFileReference; fileEncoding = 4; lastKnownFileType = sourcecode.swift; path = ActionDatailScene.swift; sourceTree = "<group>"; };
		BA75A7451A9A251D008F03C1 /* action_confirm_dialog_bg.png */ = {isa = PBXFileReference; lastKnownFileType = image.png; path = action_confirm_dialog_bg.png; sourceTree = "<group>"; };
		BA75A7471A9A260E008F03C1 /* action_back_button_.png */ = {isa = PBXFileReference; lastKnownFileType = image.png; path = action_back_button_.png; sourceTree = "<group>"; };
		BA75A7481A9A260E008F03C1 /* action_back_button.png */ = {isa = PBXFileReference; lastKnownFileType = image.png; path = action_back_button.png; sourceTree = "<group>"; };
		BA9C63A71A982B1F0037C425 /* MyPlayground.playground */ = {isa = PBXFileReference; lastKnownFileType = file.playground; path = MyPlayground.playground; sourceTree = "<group>"; };
		BA9C63AA1A9846970037C425 /* character.png */ = {isa = PBXFileReference; lastKnownFileType = image.png; path = character.png; sourceTree = "<group>"; };
		BA9C63CA1A98D76E0037C425 /* FoodNode.swift */ = {isa = PBXFileReference; fileEncoding = 4; lastKnownFileType = sourcecode.swift; path = FoodNode.swift; sourceTree = "<group>"; };
		BA9C63CD1A9904BE0037C425 /* alcohol.png */ = {isa = PBXFileReference; lastKnownFileType = image.png; name = alcohol.png; path = food/alcohol.png; sourceTree = "<group>"; };
		BA9C63CE1A9904BE0037C425 /* apple.png */ = {isa = PBXFileReference; lastKnownFileType = image.png; name = apple.png; path = food/apple.png; sourceTree = "<group>"; };
		BA9C63CF1A9904BE0037C425 /* banana.png */ = {isa = PBXFileReference; lastKnownFileType = image.png; name = banana.png; path = food/banana.png; sourceTree = "<group>"; };
		BA9C63D01A9904BE0037C425 /* bread.png */ = {isa = PBXFileReference; lastKnownFileType = image.png; name = bread.png; path = food/bread.png; sourceTree = "<group>"; };
		BA9C63D11A9904BE0037C425 /* burger.png */ = {isa = PBXFileReference; lastKnownFileType = image.png; name = burger.png; path = food/burger.png; sourceTree = "<group>"; };
		BA9C63D21A9904BE0037C425 /* carrot.png */ = {isa = PBXFileReference; lastKnownFileType = image.png; name = carrot.png; path = food/carrot.png; sourceTree = "<group>"; };
		BA9C63D31A9904BE0037C425 /* cheese.png */ = {isa = PBXFileReference; lastKnownFileType = image.png; name = cheese.png; path = food/cheese.png; sourceTree = "<group>"; };
		BA9C63D41A9904BE0037C425 /* cherry.png */ = {isa = PBXFileReference; lastKnownFileType = image.png; name = cherry.png; path = food/cherry.png; sourceTree = "<group>"; };
		BA9C63D51A9904BE0037C425 /* chicken.png */ = {isa = PBXFileReference; lastKnownFileType = image.png; name = chicken.png; path = food/chicken.png; sourceTree = "<group>"; };
		BA9C63D61A9904BE0037C425 /* cigarette.png */ = {isa = PBXFileReference; lastKnownFileType = image.png; name = cigarette.png; path = food/cigarette.png; sourceTree = "<group>"; };
		BA9C63D71A9904BE0037C425 /* donut.png */ = {isa = PBXFileReference; lastKnownFileType = image.png; name = donut.png; path = food/donut.png; sourceTree = "<group>"; };
		BA9C63D81A9904BE0037C425 /* drug.png */ = {isa = PBXFileReference; lastKnownFileType = image.png; name = drug.png; path = food/drug.png; sourceTree = "<group>"; };
		BA9C63D91A9904BE0037C425 /* egg.png */ = {isa = PBXFileReference; lastKnownFileType = image.png; name = egg.png; path = food/egg.png; sourceTree = "<group>"; };
		BA9C63DA1A9904BE0037C425 /* fish.png */ = {isa = PBXFileReference; lastKnownFileType = image.png; name = fish.png; path = food/fish.png; sourceTree = "<group>"; };
		BA9C63DB1A9904BE0037C425 /* grape.png */ = {isa = PBXFileReference; lastKnownFileType = image.png; name = grape.png; path = food/grape.png; sourceTree = "<group>"; };
		BA9C63DC1A9904BE0037C425 /* lobster.png */ = {isa = PBXFileReference; lastKnownFileType = image.png; name = lobster.png; path = food/lobster.png; sourceTree = "<group>"; };
		BA9C63DD1A9904BE0037C425 /* milk.png */ = {isa = PBXFileReference; lastKnownFileType = image.png; name = milk.png; path = food/milk.png; sourceTree = "<group>"; };
		BA9C63DE1A9904BE0037C425 /* pepper.png */ = {isa = PBXFileReference; lastKnownFileType = image.png; name = pepper.png; path = food/pepper.png; sourceTree = "<group>"; };
		BA9C63DF1A9904BE0037C425 /* pizza.png */ = {isa = PBXFileReference; lastKnownFileType = image.png; name = pizza.png; path = food/pizza.png; sourceTree = "<group>"; };
		BA9C63E01A9904BE0037C425 /* softdrink.png */ = {isa = PBXFileReference; lastKnownFileType = image.png; name = softdrink.png; path = food/softdrink.png; sourceTree = "<group>"; };
		BA9C63F61A9912890037C425 /* bite.mp3 */ = {isa = PBXFileReference; lastKnownFileType = audio.mp3; path = bite.mp3; sourceTree = "<group>"; };
		BA9C63F81A9915ED0037C425 /* room.png */ = {isa = PBXFileReference; lastKnownFileType = image.png; path = room.png; sourceTree = "<group>"; };
		BA9C63FA1A992D040037C425 /* action_button.png */ = {isa = PBXFileReference; lastKnownFileType = image.png; path = action_button.png; sourceTree = "<group>"; };
		BA9C63FB1A992D040037C425 /* back_button.png */ = {isa = PBXFileReference; lastKnownFileType = image.png; path = back_button.png; sourceTree = "<group>"; };
		BA9C63FE1A992E3D0037C425 /* move_button.png */ = {isa = PBXFileReference; lastKnownFileType = image.png; path = move_button.png; sourceTree = "<group>"; };
		BA9C64001A992EAD0037C425 /* background.png */ = {isa = PBXFileReference; lastKnownFileType = image.png; path = background.png; sourceTree = "<group>"; };
		BA9C64021A99359C0037C425 /* action_button_.png */ = {isa = PBXFileReference; lastKnownFileType = image.png; path = action_button_.png; sourceTree = "<group>"; };
		BA9C64031A99359C0037C425 /* back_button_.png */ = {isa = PBXFileReference; lastKnownFileType = image.png; path = back_button_.png; sourceTree = "<group>"; };
		BA9C64041A99359C0037C425 /* move_button_.png */ = {isa = PBXFileReference; lastKnownFileType = image.png; path = move_button_.png; sourceTree = "<group>"; };
		BAC4C3931A9A274E00E7CA04 /* action_confirm_button_.png */ = {isa = PBXFileReference; lastKnownFileType = image.png; path = action_confirm_button_.png; sourceTree = "<group>"; };
		BAC4C3941A9A274E00E7CA04 /* action_confirm_button.png */ = {isa = PBXFileReference; lastKnownFileType = image.png; path = action_confirm_button.png; sourceTree = "<group>"; };
		BAC4C3971A9A29A000E7CA04 /* action_confirm_high.png */ = {isa = PBXFileReference; lastKnownFileType = image.png; path = action_confirm_high.png; sourceTree = "<group>"; };
		BAC4C3981A9A29A000E7CA04 /* action_confirm_low.png */ = {isa = PBXFileReference; lastKnownFileType = image.png; path = action_confirm_low.png; sourceTree = "<group>"; };
		BAC4C3991A9A29A000E7CA04 /* action_confirm_medium.png */ = {isa = PBXFileReference; lastKnownFileType = image.png; path = action_confirm_medium.png; sourceTree = "<group>"; };
		BAC4C39D1A9A307B00E7CA04 /* action_age_reward.png */ = {isa = PBXFileReference; lastKnownFileType = image.png; path = action_age_reward.png; sourceTree = "<group>"; };
		F32B2B4C1A96148000C6FE3E /* MoveScene.swift */ = {isa = PBXFileReference; fileEncoding = 4; lastKnownFileType = sourcecode.swift; path = MoveScene.swift; sourceTree = "<group>"; };
		F34BD0041A94F1A7009A4743 /* maleBot.png */ = {isa = PBXFileReference; lastKnownFileType = image.png; path = maleBot.png; sourceTree = "<group>"; };
		F34BD0061A94F1F1009A4743 /* femaleBot.png */ = {isa = PBXFileReference; lastKnownFileType = image.png; path = femaleBot.png; sourceTree = "<group>"; };
		F34BD0081A94F45E009A4743 /* LocationScene.swift */ = {isa = PBXFileReference; fileEncoding = 4; lastKnownFileType = sourcecode.swift; path = LocationScene.swift; sourceTree = "<group>"; };
		F34BD00A1A950548009A4743 /* DeathRateByProvince.swift */ = {isa = PBXFileReference; fileEncoding = 4; lastKnownFileType = sourcecode.swift; name = DeathRateByProvince.swift; path = images/DeathRateByProvince.swift; sourceTree = "<group>"; };
		F370C8841A94C0A3007E4498 /* DeathBot.app */ = {isa = PBXFileReference; explicitFileType = wrapper.application; includeInIndex = 0; path = DeathBot.app; sourceTree = BUILT_PRODUCTS_DIR; };
		F370C8881A94C0A3007E4498 /* Info.plist */ = {isa = PBXFileReference; lastKnownFileType = text.plist.xml; path = Info.plist; sourceTree = "<group>"; };
		F370C8891A94C0A3007E4498 /* AppDelegate.swift */ = {isa = PBXFileReference; lastKnownFileType = sourcecode.swift; path = AppDelegate.swift; sourceTree = "<group>"; };
		F370C88D1A94C0A3007E4498 /* GameScene.swift */ = {isa = PBXFileReference; lastKnownFileType = sourcecode.swift; path = GameScene.swift; sourceTree = "<group>"; };
		F370C88F1A94C0A3007E4498 /* GameViewController.swift */ = {isa = PBXFileReference; lastKnownFileType = sourcecode.swift; path = GameViewController.swift; sourceTree = "<group>"; };
		F370C8921A94C0A3007E4498 /* Base */ = {isa = PBXFileReference; lastKnownFileType = file.storyboard; name = Base; path = Base.lproj/Main.storyboard; sourceTree = "<group>"; };
		F370C8941A94C0A3007E4498 /* Images.xcassets */ = {isa = PBXFileReference; lastKnownFileType = folder.assetcatalog; path = Images.xcassets; sourceTree = "<group>"; };
		F370C8971A94C0A3007E4498 /* Base */ = {isa = PBXFileReference; lastKnownFileType = file.xib; name = Base; path = Base.lproj/LaunchScreen.xib; sourceTree = "<group>"; };
		F370C89D1A94C0A3007E4498 /* DeathBotTests.xctest */ = {isa = PBXFileReference; explicitFileType = wrapper.cfbundle; includeInIndex = 0; path = DeathBotTests.xctest; sourceTree = BUILT_PRODUCTS_DIR; };
		F370C8A21A94C0A3007E4498 /* Info.plist */ = {isa = PBXFileReference; lastKnownFileType = text.plist.xml; path = Info.plist; sourceTree = "<group>"; };
		F370C8A31A94C0A3007E4498 /* DeathBotTests.swift */ = {isa = PBXFileReference; lastKnownFileType = sourcecode.swift; path = DeathBotTests.swift; sourceTree = "<group>"; };
		F370C8AF1A94C67A007E4498 /* Bot.swift */ = {isa = PBXFileReference; fileEncoding = 4; lastKnownFileType = sourcecode.swift; path = Bot.swift; sourceTree = "<group>"; };
		F370C8B11A94C68D007E4498 /* ActionList.swift */ = {isa = PBXFileReference; fileEncoding = 4; lastKnownFileType = sourcecode.swift; path = ActionList.swift; sourceTree = "<group>"; };
		F370C8B31A94C69C007E4498 /* Death.swift */ = {isa = PBXFileReference; fileEncoding = 4; lastKnownFileType = sourcecode.swift; path = Death.swift; sourceTree = "<group>"; };
		F370C8B51A94D304007E4498 /* Game.swift */ = {isa = PBXFileReference; fileEncoding = 4; lastKnownFileType = sourcecode.swift; path = Game.swift; sourceTree = "<group>"; };
		F370C8B71A94D49C007E4498 /* ActionButton.swift */ = {isa = PBXFileReference; fileEncoding = 4; lastKnownFileType = sourcecode.swift; path = ActionButton.swift; sourceTree = "<group>"; };
		F370C8B91A94D5A0007E4498 /* GameSceneHowTo.swift */ = {isa = PBXFileReference; fileEncoding = 4; lastKnownFileType = sourcecode.swift; path = GameSceneHowTo.swift; sourceTree = "<group>"; };
		F37295B11A958C670062CCD7 /* BotData.swift */ = {isa = PBXFileReference; fileEncoding = 4; lastKnownFileType = sourcecode.swift; path = BotData.swift; sourceTree = "<group>"; };
		F37295B31A958EA80062CCD7 /* BotDataManager.swift */ = {isa = PBXFileReference; fileEncoding = 4; lastKnownFileType = sourcecode.swift; path = BotDataManager.swift; sourceTree = "<group>"; };
		F37996E91A9A2E41000C144B /* gameover_bg.png */ = {isa = PBXFileReference; lastKnownFileType = image.png; path = gameover_bg.png; sourceTree = "<group>"; };
		F37996EB1A9A2E6E000C144B /* gameover_home_button_.png */ = {isa = PBXFileReference; lastKnownFileType = image.png; path = gameover_home_button_.png; sourceTree = "<group>"; };
		F37996EC1A9A2E6E000C144B /* gameover_home_button.png */ = {isa = PBXFileReference; lastKnownFileType = image.png; path = gameover_home_button.png; sourceTree = "<group>"; };
		F37996ED1A9A2E6E000C144B /* gameover_title.png */ = {isa = PBXFileReference; lastKnownFileType = image.png; path = gameover_title.png; sourceTree = "<group>"; };
		F37996F11A9A2E79000C144B /* dead_egg.png */ = {isa = PBXFileReference; lastKnownFileType = image.png; path = dead_egg.png; sourceTree = "<group>"; };
		F38122481A9636A500A10777 /* female_button_.png */ = {isa = PBXFileReference; lastKnownFileType = image.png; path = female_button_.png; sourceTree = "<group>"; };
		F38122491A9636A500A10777 /* female_button.png */ = {isa = PBXFileReference; lastKnownFileType = image.png; path = female_button.png; sourceTree = "<group>"; };
		F381224A1A9636A500A10777 /* gender_bg.png */ = {isa = PBXFileReference; lastKnownFileType = image.png; path = gender_bg.png; sourceTree = "<group>"; };
		F381224B1A9636A500A10777 /* male_button_.png */ = {isa = PBXFileReference; lastKnownFileType = image.png; path = male_button_.png; sourceTree = "<group>"; };
		F381224C1A9636A500A10777 /* male_button.png */ = {isa = PBXFileReference; lastKnownFileType = image.png; path = male_button.png; sourceTree = "<group>"; };
		F38668561A94EC2E00C1FF1D /* NewGameScene.swift */ = {isa = PBXFileReference; fileEncoding = 4; lastKnownFileType = sourcecode.swift; path = NewGameScene.swift; sourceTree = SOURCE_ROOT; };
		F38F76BE1A95490C00FF8C04 /* DeathRateByAge.swift */ = {isa = PBXFileReference; fileEncoding = 4; lastKnownFileType = sourcecode.swift; path = DeathRateByAge.swift; sourceTree = "<group>"; };
		F39166BF1A95E1E800BEFC90 /* GameOverScene.swift */ = {isa = PBXFileReference; fileEncoding = 4; lastKnownFileType = sourcecode.swift; path = GameOverScene.swift; sourceTree = "<group>"; };
		F393B8231A95525600EE3241 /* DeathRateByGender.swift */ = {isa = PBXFileReference; fileEncoding = 4; lastKnownFileType = sourcecode.swift; path = DeathRateByGender.swift; sourceTree = "<group>"; };
		F3B4C3CA1A99C225009B5202 /* landingBG.png */ = {isa = PBXFileReference; lastKnownFileType = image.png; path = landingBG.png; sourceTree = "<group>"; };
		F3B4C3CC1A99C281009B5202 /* start_button_.png */ = {isa = PBXFileReference; lastKnownFileType = image.png; path = start_button_.png; sourceTree = "<group>"; };
		F3B4C3CE1A99C290009B5202 /* start_button.png */ = {isa = PBXFileReference; lastKnownFileType = image.png; path = start_button.png; sourceTree = "<group>"; };
		F3B4C3D01A99C2A3009B5202 /* continue_button_.png */ = {isa = PBXFileReference; lastKnownFileType = image.png; path = continue_button_.png; sourceTree = "<group>"; };
		F3B4C3D11A99C2A3009B5202 /* continue_button.png */ = {isa = PBXFileReference; lastKnownFileType = image.png; path = continue_button.png; sourceTree = "<group>"; };
		F3B4C3D41A99C2C3009B5202 /* info_button_.png */ = {isa = PBXFileReference; lastKnownFileType = image.png; path = info_button_.png; sourceTree = "<group>"; };
		F3B4C3D51A99C2C3009B5202 /* info_button.png */ = {isa = PBXFileReference; lastKnownFileType = image.png; path = info_button.png; sourceTree = "<group>"; };
		F3B4C3D81A99C2E3009B5202 /* copyright_label.png */ = {isa = PBXFileReference; lastKnownFileType = image.png; path = copyright_label.png; sourceTree = "<group>"; };
		F3B4C3DA1A99C621009B5202 /* male-toddler.png */ = {isa = PBXFileReference; lastKnownFileType = image.png; path = "male-toddler.png"; sourceTree = "<group>"; };
		F3B4C3DC1A99C64D009B5202 /* male-adult.png */ = {isa = PBXFileReference; lastKnownFileType = image.png; path = "male-adult.png"; sourceTree = "<group>"; };
		F3B4C3DD1A99C64D009B5202 /* male-child.png */ = {isa = PBXFileReference; lastKnownFileType = image.png; path = "male-child.png"; sourceTree = "<group>"; };
		F3B4C3DE1A99C64D009B5202 /* male-golden-oldie.png */ = {isa = PBXFileReference; lastKnownFileType = image.png; path = "male-golden-oldie.png"; sourceTree = "<group>"; };
		F3B4C3DF1A99C64D009B5202 /* male-senior.png */ = {isa = PBXFileReference; lastKnownFileType = image.png; path = "male-senior.png"; sourceTree = "<group>"; };
		F3B4C3E01A99C64D009B5202 /* male-teenager.png */ = {isa = PBXFileReference; lastKnownFileType = image.png; path = "male-teenager.png"; sourceTree = "<group>"; };
		F3B4C3E61A99C683009B5202 /* female-adult.png */ = {isa = PBXFileReference; lastKnownFileType = image.png; path = "female-adult.png"; sourceTree = "<group>"; };
		F3B4C3E71A99C683009B5202 /* female-child.png */ = {isa = PBXFileReference; lastKnownFileType = image.png; path = "female-child.png"; sourceTree = "<group>"; };
		F3B4C3E81A99C683009B5202 /* female-golden-oldie.png */ = {isa = PBXFileReference; lastKnownFileType = image.png; path = "female-golden-oldie.png"; sourceTree = "<group>"; };
		F3B4C3E91A99C683009B5202 /* female-senior.png */ = {isa = PBXFileReference; lastKnownFileType = image.png; path = "female-senior.png"; sourceTree = "<group>"; };
		F3B4C3EA1A99C683009B5202 /* female-teenager.png */ = {isa = PBXFileReference; lastKnownFileType = image.png; path = "female-teenager.png"; sourceTree = "<group>"; };
		F3B4C3EB1A99C683009B5202 /* female-toddler.png */ = {isa = PBXFileReference; lastKnownFileType = image.png; path = "female-toddler.png"; sourceTree = "<group>"; };
		F3BCA7451A99A86000F8C7A9 /* landing_back_button__360.png */ = {isa = PBXFileReference; lastKnownFileType = image.png; path = landing_back_button__360.png; sourceTree = "<group>"; };
		F3BCA7471A99A88F00F8C7A9 /* landing_back_button.png */ = {isa = PBXFileReference; lastKnownFileType = image.png; path = landing_back_button.png; sourceTree = "<group>"; };
		F3BCA74A1A99B0B600F8C7A9 /* AB.png */ = {isa = PBXFileReference; lastKnownFileType = image.png; path = AB.png; sourceTree = "<group>"; };
		F3BCA74B1A99B0B600F8C7A9 /* location_background.png */ = {isa = PBXFileReference; lastKnownFileType = image.png; path = location_background.png; sourceTree = "<group>"; };
		F3BCA74C1A99B0B600F8C7A9 /* BC.png */ = {isa = PBXFileReference; lastKnownFileType = image.png; path = BC.png; sourceTree = "<group>"; };
		F3BCA74D1A99B0B600F8C7A9 /* MB.png */ = {isa = PBXFileReference; lastKnownFileType = image.png; path = MB.png; sourceTree = "<group>"; };
		F3BCA74E1A99B0B600F8C7A9 /* NB.png */ = {isa = PBXFileReference; lastKnownFileType = image.png; path = NB.png; sourceTree = "<group>"; };
		F3BCA74F1A99B0B600F8C7A9 /* NL.png */ = {isa = PBXFileReference; lastKnownFileType = image.png; path = NL.png; sourceTree = "<group>"; };
		F3BCA7501A99B0B600F8C7A9 /* NS.png */ = {isa = PBXFileReference; lastKnownFileType = image.png; path = NS.png; sourceTree = "<group>"; };
		F3BCA7511A99B0B600F8C7A9 /* NT.png */ = {isa = PBXFileReference; lastKnownFileType = image.png; path = NT.png; sourceTree = "<group>"; };
		F3BCA7521A99B0B600F8C7A9 /* NU.png */ = {isa = PBXFileReference; lastKnownFileType = image.png; path = NU.png; sourceTree = "<group>"; };
		F3BCA7531A99B0B600F8C7A9 /* ON.png */ = {isa = PBXFileReference; lastKnownFileType = image.png; path = ON.png; sourceTree = "<group>"; };
		F3BCA7541A99B0B600F8C7A9 /* PE.png */ = {isa = PBXFileReference; lastKnownFileType = image.png; path = PE.png; sourceTree = "<group>"; };
		F3BCA7551A99B0B600F8C7A9 /* QC.png */ = {isa = PBXFileReference; lastKnownFileType = image.png; path = QC.png; sourceTree = "<group>"; };
		F3BCA7561A99B0B600F8C7A9 /* SK.png */ = {isa = PBXFileReference; lastKnownFileType = image.png; path = SK.png; sourceTree = "<group>"; };
		F3BCA7571A99B0B600F8C7A9 /* YT.png */ = {isa = PBXFileReference; lastKnownFileType = image.png; path = YT.png; sourceTree = "<group>"; };
/* End PBXFileReference section */

/* Begin PBXFrameworksBuildPhase section */
		F370C8811A94C0A3007E4498 /* Frameworks */ = {
			isa = PBXFrameworksBuildPhase;
			buildActionMask = 2147483647;
			files = (
			);
			runOnlyForDeploymentPostprocessing = 0;
		};
		F370C89A1A94C0A3007E4498 /* Frameworks */ = {
			isa = PBXFrameworksBuildPhase;
			buildActionMask = 2147483647;
			files = (
			);
			runOnlyForDeploymentPostprocessing = 0;
		};
/* End PBXFrameworksBuildPhase section */

/* Begin PBXGroup section */
		BA9C63CC1A9904000037C425 /* food */ = {
			isa = PBXGroup;
			children = (
				BA9C63CD1A9904BE0037C425 /* alcohol.png */,
				BA9C63CE1A9904BE0037C425 /* apple.png */,
				BA9C63CF1A9904BE0037C425 /* banana.png */,
				BA9C63D01A9904BE0037C425 /* bread.png */,
				BA9C63D11A9904BE0037C425 /* burger.png */,
				BA9C63D21A9904BE0037C425 /* carrot.png */,
				BA9C63D31A9904BE0037C425 /* cheese.png */,
				BA9C63D41A9904BE0037C425 /* cherry.png */,
				BA9C63D51A9904BE0037C425 /* chicken.png */,
				BA9C63D61A9904BE0037C425 /* cigarette.png */,
				BA9C63D71A9904BE0037C425 /* donut.png */,
				BA9C63D81A9904BE0037C425 /* drug.png */,
				BA9C63D91A9904BE0037C425 /* egg.png */,
				BA9C63DA1A9904BE0037C425 /* fish.png */,
				BA9C63DB1A9904BE0037C425 /* grape.png */,
				BA9C63DC1A9904BE0037C425 /* lobster.png */,
				BA9C63DD1A9904BE0037C425 /* milk.png */,
				BA9C63DE1A9904BE0037C425 /* pepper.png */,
				BA9C63DF1A9904BE0037C425 /* pizza.png */,
				BA9C63E01A9904BE0037C425 /* softdrink.png */,
			);
			name = food;
			sourceTree = "<group>";
		};
		BA9C63F51A9912890037C425 /* sounds */ = {
			isa = PBXGroup;
			children = (
				BA9C63F61A9912890037C425 /* bite.mp3 */,
			);
			path = sounds;
			sourceTree = "<group>";
		};
		F370C87B1A94C0A3007E4498 = {
			isa = PBXGroup;
			children = (
				F370C8861A94C0A3007E4498 /* DeathBot */,
				F370C8A01A94C0A3007E4498 /* DeathBotTests */,
				F370C8851A94C0A3007E4498 /* Products */,
			);
			sourceTree = "<group>";
		};
		F370C8851A94C0A3007E4498 /* Products */ = {
			isa = PBXGroup;
			children = (
				F370C8841A94C0A3007E4498 /* DeathBot.app */,
				F370C89D1A94C0A3007E4498 /* DeathBotTests.xctest */,
			);
			name = Products;
			sourceTree = "<group>";
		};
		F370C8861A94C0A3007E4498 /* DeathBot */ = {
			isa = PBXGroup;
			children = (
				BA9C63F51A9912890037C425 /* sounds */,
				F370C8BB1A94D6D8007E4498 /* images */,
				F393B8221A95504400EE3241 /* DeathRate */,
				F39166C11A95E80100BEFC90 /* Button */,
				F370C8891A94C0A3007E4498 /* AppDelegate.swift */,
				F34BD0081A94F45E009A4743 /* LocationScene.swift */,
				F32B2B4C1A96148000C6FE3E /* MoveScene.swift */,
				F38668561A94EC2E00C1FF1D /* NewGameScene.swift */,
				F370C88D1A94C0A3007E4498 /* GameScene.swift */,
				BA75A73F1A9A15E9008F03C1 /* ActionScene.swift */,
				BA75A7431A9A22FA008F03C1 /* ActionDatailScene.swift */,
				F39166BF1A95E1E800BEFC90 /* GameOverScene.swift */,
				F370C8B91A94D5A0007E4498 /* GameSceneHowTo.swift */,
				F370C88F1A94C0A3007E4498 /* GameViewController.swift */,
				F370C8B51A94D304007E4498 /* Game.swift */,
				F370C8AF1A94C67A007E4498 /* Bot.swift */,
				504699E61A988A840035D259 /* BotNode.swift */,
				BA9C63CA1A98D76E0037C425 /* FoodNode.swift */,
				F370C8B11A94C68D007E4498 /* ActionList.swift */,
				F370C8B31A94C69C007E4498 /* Death.swift */,
				F370C8911A94C0A3007E4498 /* Main.storyboard */,
				F370C8941A94C0A3007E4498 /* Images.xcassets */,
				F370C8961A94C0A3007E4498 /* LaunchScreen.xib */,
				BA9C63A71A982B1F0037C425 /* MyPlayground.playground */,
				F370C8871A94C0A3007E4498 /* Supporting Files */,
				F37295B51A9599650062CCD7 /* BotData */,
			);
			path = DeathBot;
			sourceTree = "<group>";
		};
		F370C8871A94C0A3007E4498 /* Supporting Files */ = {
			isa = PBXGroup;
			children = (
				F370C8881A94C0A3007E4498 /* Info.plist */,
			);
			name = "Supporting Files";
			sourceTree = "<group>";
		};
		F370C8A01A94C0A3007E4498 /* DeathBotTests */ = {
			isa = PBXGroup;
			children = (
				F370C8A31A94C0A3007E4498 /* DeathBotTests.swift */,
				F370C8A11A94C0A3007E4498 /* Supporting Files */,
			);
			path = DeathBotTests;
			sourceTree = "<group>";
		};
		F370C8A11A94C0A3007E4498 /* Supporting Files */ = {
			isa = PBXGroup;
			children = (
				F370C8A21A94C0A3007E4498 /* Info.plist */,
			);
			name = "Supporting Files";
			sourceTree = "<group>";
		};
		F370C8BB1A94D6D8007E4498 /* images */ = {
			isa = PBXGroup;
			children = (
				F37996F11A9A2E79000C144B /* dead_egg.png */,
				F37996EB1A9A2E6E000C144B /* gameover_home_button_.png */,
				F37996EC1A9A2E6E000C144B /* gameover_home_button.png */,
				F37996ED1A9A2E6E000C144B /* gameover_title.png */,
				F37996E91A9A2E41000C144B /* gameover_bg.png */,
				BAC4C39D1A9A307B00E7CA04 /* action_age_reward.png */,
				BAC4C3971A9A29A000E7CA04 /* action_confirm_high.png */,
				BAC4C3981A9A29A000E7CA04 /* action_confirm_low.png */,
				BAC4C3991A9A29A000E7CA04 /* action_confirm_medium.png */,
				BAC4C3931A9A274E00E7CA04 /* action_confirm_button_.png */,
				BAC4C3941A9A274E00E7CA04 /* action_confirm_button.png */,
				BA75A7471A9A260E008F03C1 /* action_back_button_.png */,
				BA75A7481A9A260E008F03C1 /* action_back_button.png */,
				BA75A7451A9A251D008F03C1 /* action_confirm_dialog_bg.png */,
				BA75A7411A9A191C008F03C1 /* action_modal_bg2.png */,
				BA75A73D1A9A143F008F03C1 /* action_list_close_button_.png */,
				BA75A73B1A9A10D4008F03C1 /* action_list_close_button.png */,
				BA75A7351A9A0A09008F03C1 /* action_list_item_bg_high.png */,
				BA75A7361A9A0A09008F03C1 /* action_list_item_bg_low.png */,
				BA75A7371A9A0A09008F03C1 /* action_list_item_bg_medium.png */,
				BA75A7311A9A075E008F03C1 /* action_list_dialog_bg.png */,
				BA75A7321A9A075E008F03C1 /* action_modal_bg.png */,
				F3B4C3E61A99C683009B5202 /* female-adult.png */,
				F3B4C3E71A99C683009B5202 /* female-child.png */,
				F3B4C3E81A99C683009B5202 /* female-golden-oldie.png */,
				F3B4C3E91A99C683009B5202 /* female-senior.png */,
				F3B4C3EA1A99C683009B5202 /* female-teenager.png */,
				F3B4C3EB1A99C683009B5202 /* female-toddler.png */,
				F3B4C3DC1A99C64D009B5202 /* male-adult.png */,
				F3B4C3DD1A99C64D009B5202 /* male-child.png */,
				F3B4C3DE1A99C64D009B5202 /* male-golden-oldie.png */,
				F3B4C3DF1A99C64D009B5202 /* male-senior.png */,
				F3B4C3E01A99C64D009B5202 /* male-teenager.png */,
				F3B4C3DA1A99C621009B5202 /* male-toddler.png */,
				F3B4C3D81A99C2E3009B5202 /* copyright_label.png */,
				F3B4C3D41A99C2C3009B5202 /* info_button_.png */,
				F3B4C3D51A99C2C3009B5202 /* info_button.png */,
				F3B4C3D01A99C2A3009B5202 /* continue_button_.png */,
				F3B4C3D11A99C2A3009B5202 /* continue_button.png */,
				F3B4C3CE1A99C290009B5202 /* start_button.png */,
				F3B4C3CC1A99C281009B5202 /* start_button_.png */,
				F3B4C3CA1A99C225009B5202 /* landingBG.png */,
				F3BCA7491A99B09300F8C7A9 /* location */,
				F38122471A96368600A10777 /* gender */,
				BA22B4571A9984D300E79694 /* age_button_.png */,
				BA22B4581A9984D300E79694 /* age_button.png */,
				BA22B4591A9984D300E79694 /* happiness_button_.png */,
				BA22B45A1A9984D300E79694 /* happiness_button.png */,
				BA22B45B1A9984D300E79694 /* health_button_.png */,
				BA22B45C1A9984D300E79694 /* health_button.png */,
				BA22B4531A99688E00E79694 /* female_.png */,
				BA22B4541A99688E00E79694 /* male_.png */,
				BA22B44F1A9965DC00E79694 /* female.png */,
				BA22B4501A9965DC00E79694 /* male.png */,
				BA9C64021A99359C0037C425 /* action_button_.png */,
				BA9C64031A99359C0037C425 /* back_button_.png */,
				BA9C64041A99359C0037C425 /* move_button_.png */,
				BA9C64001A992EAD0037C425 /* background.png */,
				BA9C63FE1A992E3D0037C425 /* move_button.png */,
				BA9C63FA1A992D040037C425 /* action_button.png */,
				BA9C63FB1A992D040037C425 /* back_button.png */,
				BA9C63CC1A9904000037C425 /* food */,
				BA9C63F81A9915ED0037C425 /* room.png */,
				BA9C63AA1A9846970037C425 /* character.png */,
				F34BD0041A94F1A7009A4743 /* maleBot.png */,
				F34BD0061A94F1F1009A4743 /* femaleBot.png */,
			);
			path = images;
			sourceTree = "<group>";
		};
		F37295B51A9599650062CCD7 /* BotData */ = {
			isa = PBXGroup;
			children = (
				F37295B31A958EA80062CCD7 /* BotDataManager.swift */,
				F37295B11A958C670062CCD7 /* BotData.swift */,
			);
			name = BotData;
			sourceTree = "<group>";
		};
		F38122471A96368600A10777 /* gender */ = {
			isa = PBXGroup;
			children = (
				F3BCA7471A99A88F00F8C7A9 /* landing_back_button.png */,
				F3BCA7451A99A86000F8C7A9 /* landing_back_button__360.png */,
				F38122481A9636A500A10777 /* female_button_.png */,
				F38122491A9636A500A10777 /* female_button.png */,
				F381224A1A9636A500A10777 /* gender_bg.png */,
				F381224B1A9636A500A10777 /* male_button_.png */,
				F381224C1A9636A500A10777 /* male_button.png */,
			);
			name = gender;
			sourceTree = "<group>";
		};
		F39166C11A95E80100BEFC90 /* Button */ = {
			isa = PBXGroup;
			children = (
				F370C8B71A94D49C007E4498 /* ActionButton.swift */,
			);
			name = Button;
			sourceTree = "<group>";
		};
		F393B8221A95504400EE3241 /* DeathRate */ = {
			isa = PBXGroup;
			children = (
				F34BD00A1A950548009A4743 /* DeathRateByProvince.swift */,
				F38F76BE1A95490C00FF8C04 /* DeathRateByAge.swift */,
				F393B8231A95525600EE3241 /* DeathRateByGender.swift */,
			);
			name = DeathRate;
			sourceTree = "<group>";
		};
		F3BCA7491A99B09300F8C7A9 /* location */ = {
			isa = PBXGroup;
			children = (
				F3BCA74A1A99B0B600F8C7A9 /* AB.png */,
				F3BCA74B1A99B0B600F8C7A9 /* location_background.png */,
				F3BCA74C1A99B0B600F8C7A9 /* BC.png */,
				F3BCA74D1A99B0B600F8C7A9 /* MB.png */,
				F3BCA74E1A99B0B600F8C7A9 /* NB.png */,
				F3BCA74F1A99B0B600F8C7A9 /* NL.png */,
				F3BCA7501A99B0B600F8C7A9 /* NS.png */,
				F3BCA7511A99B0B600F8C7A9 /* NT.png */,
				F3BCA7521A99B0B600F8C7A9 /* NU.png */,
				F3BCA7531A99B0B600F8C7A9 /* ON.png */,
				F3BCA7541A99B0B600F8C7A9 /* PE.png */,
				F3BCA7551A99B0B600F8C7A9 /* QC.png */,
				F3BCA7561A99B0B600F8C7A9 /* SK.png */,
				F3BCA7571A99B0B600F8C7A9 /* YT.png */,
			);
			name = location;
			sourceTree = "<group>";
		};
/* End PBXGroup section */

/* Begin PBXNativeTarget section */
		F370C8831A94C0A3007E4498 /* DeathBot */ = {
			isa = PBXNativeTarget;
			buildConfigurationList = F370C8A71A94C0A3007E4498 /* Build configuration list for PBXNativeTarget "DeathBot" */;
			buildPhases = (
				F370C8801A94C0A3007E4498 /* Sources */,
				F370C8811A94C0A3007E4498 /* Frameworks */,
				F370C8821A94C0A3007E4498 /* Resources */,
			);
			buildRules = (
			);
			dependencies = (
			);
			name = DeathBot;
			productName = DeathBot;
			productReference = F370C8841A94C0A3007E4498 /* DeathBot.app */;
			productType = "com.apple.product-type.application";
		};
		F370C89C1A94C0A3007E4498 /* DeathBotTests */ = {
			isa = PBXNativeTarget;
			buildConfigurationList = F370C8AA1A94C0A3007E4498 /* Build configuration list for PBXNativeTarget "DeathBotTests" */;
			buildPhases = (
				F370C8991A94C0A3007E4498 /* Sources */,
				F370C89A1A94C0A3007E4498 /* Frameworks */,
				F370C89B1A94C0A3007E4498 /* Resources */,
			);
			buildRules = (
			);
			dependencies = (
				F370C89F1A94C0A3007E4498 /* PBXTargetDependency */,
			);
			name = DeathBotTests;
			productName = DeathBotTests;
			productReference = F370C89D1A94C0A3007E4498 /* DeathBotTests.xctest */;
			productType = "com.apple.product-type.bundle.unit-test";
		};
/* End PBXNativeTarget section */

/* Begin PBXProject section */
		F370C87C1A94C0A3007E4498 /* Project object */ = {
			isa = PBXProject;
			attributes = {
				LastUpgradeCheck = 0610;
				ORGANIZATIONNAME = SOJUniverse;
				TargetAttributes = {
					F370C8831A94C0A3007E4498 = {
						CreatedOnToolsVersion = 6.1.1;
					};
					F370C89C1A94C0A3007E4498 = {
						CreatedOnToolsVersion = 6.1.1;
						TestTargetID = F370C8831A94C0A3007E4498;
					};
				};
			};
			buildConfigurationList = F370C87F1A94C0A3007E4498 /* Build configuration list for PBXProject "DeathBot" */;
			compatibilityVersion = "Xcode 3.2";
			developmentRegion = English;
			hasScannedForEncodings = 0;
			knownRegions = (
				en,
				Base,
			);
			mainGroup = F370C87B1A94C0A3007E4498;
			productRefGroup = F370C8851A94C0A3007E4498 /* Products */;
			projectDirPath = "";
			projectRoot = "";
			targets = (
				F370C8831A94C0A3007E4498 /* DeathBot */,
				F370C89C1A94C0A3007E4498 /* DeathBotTests */,
			);
		};
/* End PBXProject section */

/* Begin PBXResourcesBuildPhase section */
		F370C8821A94C0A3007E4498 /* Resources */ = {
			isa = PBXResourcesBuildPhase;
			buildActionMask = 2147483647;
			files = (
				BA22B4621A9984D300E79694 /* health_button.png in Resources */,
				F370C8981A94C0A3007E4498 /* LaunchScreen.xib in Resources */,
				BAC4C3951A9A274E00E7CA04 /* action_confirm_button_.png in Resources */,
				BA22B4521A9965DC00E79694 /* male.png in Resources */,
				BAC4C39E1A9A307B00E7CA04 /* action_age_reward.png in Resources */,
				F3BCA7591A99B0B600F8C7A9 /* location_background.png in Resources */,
				F3BCA7581A99B0B600F8C7A9 /* AB.png in Resources */,
				BA75A7461A9A251E008F03C1 /* action_confirm_dialog_bg.png in Resources */,
				F37996F21A9A2E79000C144B /* dead_egg.png in Resources */,
				BA75A7381A9A0A09008F03C1 /* action_list_item_bg_high.png in Resources */,
				BA9C63EA1A9904BE0037C425 /* cigarette.png in Resources */,
				F3B4C3EE1A99C683009B5202 /* female-golden-oldie.png in Resources */,
				F37996EF1A9A2E6E000C144B /* gameover_home_button.png in Resources */,
				BA9C64011A992EAD0037C425 /* background.png in Resources */,
				BA9C63AB1A9846970037C425 /* character.png in Resources */,
				F381224F1A9636A500A10777 /* gender_bg.png in Resources */,
				BA75A73C1A9A10D4008F03C1 /* action_list_close_button.png in Resources */,
				BA9C63ED1A9904BE0037C425 /* egg.png in Resources */,
				BA22B45D1A9984D300E79694 /* age_button_.png in Resources */,
				F3BCA7461A99A86000F8C7A9 /* landing_back_button__360.png in Resources */,
				BA9C63EE1A9904BE0037C425 /* fish.png in Resources */,
				F3BCA7631A99B0B600F8C7A9 /* QC.png in Resources */,
				F37996EE1A9A2E6E000C144B /* gameover_home_button_.png in Resources */,
				F3B4C3EF1A99C683009B5202 /* female-senior.png in Resources */,
				F3B4C3E51A99C64D009B5202 /* male-teenager.png in Resources */,
				F3B4C3ED1A99C683009B5202 /* female-child.png in Resources */,
				BA9C63E11A9904BE0037C425 /* alcohol.png in Resources */,
				BA75A7421A9A191C008F03C1 /* action_modal_bg2.png in Resources */,
				BA9C63EC1A9904BE0037C425 /* drug.png in Resources */,
				F3B4C3DB1A99C621009B5202 /* male-toddler.png in Resources */,
				F3BCA7621A99B0B600F8C7A9 /* PE.png in Resources */,
				BA22B4551A99688E00E79694 /* female_.png in Resources */,
				BA9C63EF1A9904BE0037C425 /* grape.png in Resources */,
				F3B4C3E11A99C64D009B5202 /* male-adult.png in Resources */,
				BA22B45F1A9984D300E79694 /* happiness_button_.png in Resources */,
				F3BCA7651A99B0B600F8C7A9 /* YT.png in Resources */,
				BA9C63E41A9904BE0037C425 /* bread.png in Resources */,
				F37996F01A9A2E6E000C144B /* gameover_title.png in Resources */,
				BAC4C39B1A9A29A000E7CA04 /* action_confirm_low.png in Resources */,
				BA9C63FF1A992E3D0037C425 /* move_button.png in Resources */,
				BA75A7341A9A075E008F03C1 /* action_modal_bg.png in Resources */,
				BA75A73E1A9A143F008F03C1 /* action_list_close_button_.png in Resources */,
				BA9C63F31A9904BE0037C425 /* pizza.png in Resources */,
				BA9C63F21A9904BE0037C425 /* pepper.png in Resources */,
				F3B4C3D31A99C2A3009B5202 /* continue_button.png in Resources */,
				BA9C63E71A9904BE0037C425 /* cheese.png in Resources */,
				F3B4C3D71A99C2C3009B5202 /* info_button.png in Resources */,
				F34BD0051A94F1A7009A4743 /* maleBot.png in Resources */,
				BA9C63EB1A9904BE0037C425 /* donut.png in Resources */,
				F3B4C3CD1A99C281009B5202 /* start_button_.png in Resources */,
				BA9C63F01A9904BE0037C425 /* lobster.png in Resources */,
				F3BCA75D1A99B0B600F8C7A9 /* NL.png in Resources */,
				BA9C63FD1A992D040037C425 /* back_button.png in Resources */,
				BAC4C39C1A9A29A000E7CA04 /* action_confirm_medium.png in Resources */,
				F370C8951A94C0A3007E4498 /* Images.xcassets in Resources */,
				BAC4C3961A9A274E00E7CA04 /* action_confirm_button.png in Resources */,
				BA22B4561A99688E00E79694 /* male_.png in Resources */,
				F3B4C3E41A99C64D009B5202 /* male-senior.png in Resources */,
				F3B4C3D61A99C2C3009B5202 /* info_button_.png in Resources */,
				BA75A74A1A9A260E008F03C1 /* action_back_button.png in Resources */,
				F38122511A9636A500A10777 /* male_button.png in Resources */,
				F3BCA75B1A99B0B600F8C7A9 /* MB.png in Resources */,
				BA9C63F41A9904BE0037C425 /* softdrink.png in Resources */,
				F3BCA75A1A99B0B600F8C7A9 /* BC.png in Resources */,
				BA9C64071A99359C0037C425 /* move_button_.png in Resources */,
				BA9C63E91A9904BE0037C425 /* chicken.png in Resources */,
				F3B4C3E31A99C64D009B5202 /* male-golden-oldie.png in Resources */,
				BA75A7391A9A0A09008F03C1 /* action_list_item_bg_low.png in Resources */,
				BA75A7491A9A260E008F03C1 /* action_back_button_.png in Resources */,
				F3B4C3D21A99C2A3009B5202 /* continue_button_.png in Resources */,
				BA9C63E31A9904BE0037C425 /* banana.png in Resources */,
				BAC4C39A1A9A29A000E7CA04 /* action_confirm_high.png in Resources */,
				BA75A73A1A9A0A09008F03C1 /* action_list_item_bg_medium.png in Resources */,
				F3BCA7601A99B0B600F8C7A9 /* NU.png in Resources */,
				F3BCA7611A99B0B600F8C7A9 /* ON.png in Resources */,
				BA22B4611A9984D300E79694 /* health_button_.png in Resources */,
				BA9C63E51A9904BE0037C425 /* burger.png in Resources */,
				BA22B45E1A9984D300E79694 /* age_button.png in Resources */,
				F381224D1A9636A500A10777 /* female_button_.png in Resources */,
				F3B4C3CB1A99C225009B5202 /* landingBG.png in Resources */,
				F3B4C3F01A99C683009B5202 /* female-teenager.png in Resources */,
				BA9C64051A99359C0037C425 /* action_button_.png in Resources */,
				F3B4C3CF1A99C290009B5202 /* start_button.png in Resources */,
				F3B4C3F11A99C683009B5202 /* female-toddler.png in Resources */,
				BA22B4511A9965DC00E79694 /* female.png in Resources */,
				BA9C63F11A9904BE0037C425 /* milk.png in Resources */,
				BA9C63E21A9904BE0037C425 /* apple.png in Resources */,
				BA9C63E61A9904BE0037C425 /* carrot.png in Resources */,
				BA9C64061A99359C0037C425 /* back_button_.png in Resources */,
				BA22B4601A9984D300E79694 /* happiness_button.png in Resources */,
				F3BCA75E1A99B0B600F8C7A9 /* NS.png in Resources */,
				F3BCA7481A99A88F00F8C7A9 /* landing_back_button.png in Resources */,
				BA75A7331A9A075E008F03C1 /* action_list_dialog_bg.png in Resources */,
				F381224E1A9636A500A10777 /* female_button.png in Resources */,
				F3B4C3EC1A99C683009B5202 /* female-adult.png in Resources */,
				F37996EA1A9A2E41000C144B /* gameover_bg.png in Resources */,
				F3BCA7641A99B0B600F8C7A9 /* SK.png in Resources */,
				F3BCA75F1A99B0B600F8C7A9 /* NT.png in Resources */,
				BA9C63F91A9915ED0037C425 /* room.png in Resources */,
				F3BCA75C1A99B0B600F8C7A9 /* NB.png in Resources */,
				F370C8931A94C0A3007E4498 /* Main.storyboard in Resources */,
				F3B4C3D91A99C2E3009B5202 /* copyright_label.png in Resources */,
				F38122501A9636A500A10777 /* male_button_.png in Resources */,
				BA9C63FC1A992D040037C425 /* action_button.png in Resources */,
				BA9C63F71A9912890037C425 /* bite.mp3 in Resources */,
				BA9C63E81A9904BE0037C425 /* cherry.png in Resources */,
				F3B4C3E21A99C64D009B5202 /* male-child.png in Resources */,
			);
			runOnlyForDeploymentPostprocessing = 0;
		};
		F370C89B1A94C0A3007E4498 /* Resources */ = {
			isa = PBXResourcesBuildPhase;
			buildActionMask = 2147483647;
			files = (
			);
			runOnlyForDeploymentPostprocessing = 0;
		};
/* End PBXResourcesBuildPhase section */

/* Begin PBXSourcesBuildPhase section */
		F370C8801A94C0A3007E4498 /* Sources */ = {
			isa = PBXSourcesBuildPhase;
			buildActionMask = 2147483647;
			files = (
				F370C88E1A94C0A3007E4498 /* GameScene.swift in Sources */,
				F37295B21A958C670062CCD7 /* BotData.swift in Sources */,
				F38F76BF1A95490C00FF8C04 /* DeathRateByAge.swift in Sources */,
				F34BD0091A94F45E009A4743 /* LocationScene.swift in Sources */,
				F370C8BA1A94D5A0007E4498 /* GameSceneHowTo.swift in Sources */,
				F370C8B01A94C67A007E4498 /* Bot.swift in Sources */,
				F370C8B61A94D304007E4498 /* Game.swift in Sources */,
				F370C8901A94C0A3007E4498 /* GameViewController.swift in Sources */,
				BA9C63CB1A98D76E0037C425 /* FoodNode.swift in Sources */,
				F39166C01A95E1E800BEFC90 /* GameOverScene.swift in Sources */,
				F38668571A94EC2E00C1FF1D /* NewGameScene.swift in Sources */,
				F32B2B4D1A96148000C6FE3E /* MoveScene.swift in Sources */,
				F34BD00B1A950548009A4743 /* DeathRateByProvince.swift in Sources */,
				BA75A7401A9A15E9008F03C1 /* ActionScene.swift in Sources */,
				F37295B41A958EA80062CCD7 /* BotDataManager.swift in Sources */,
				F393B8241A95525600EE3241 /* DeathRateByGender.swift in Sources */,
				504699E71A988A840035D259 /* BotNode.swift in Sources */,
				BA75A7441A9A22FA008F03C1 /* ActionDatailScene.swift in Sources */,
				F370C8B21A94C68D007E4498 /* ActionList.swift in Sources */,
				F370C8B41A94C69C007E4498 /* Death.swift in Sources */,
				F370C88A1A94C0A3007E4498 /* AppDelegate.swift in Sources */,
				F370C8B81A94D49C007E4498 /* ActionButton.swift in Sources */,
			);
			runOnlyForDeploymentPostprocessing = 0;
		};
		F370C8991A94C0A3007E4498 /* Sources */ = {
			isa = PBXSourcesBuildPhase;
			buildActionMask = 2147483647;
			files = (
				F370C8A41A94C0A3007E4498 /* DeathBotTests.swift in Sources */,
			);
			runOnlyForDeploymentPostprocessing = 0;
		};
/* End PBXSourcesBuildPhase section */

/* Begin PBXTargetDependency section */
		F370C89F1A94C0A3007E4498 /* PBXTargetDependency */ = {
			isa = PBXTargetDependency;
			target = F370C8831A94C0A3007E4498 /* DeathBot */;
			targetProxy = F370C89E1A94C0A3007E4498 /* PBXContainerItemProxy */;
		};
/* End PBXTargetDependency section */

/* Begin PBXVariantGroup section */
		F370C8911A94C0A3007E4498 /* Main.storyboard */ = {
			isa = PBXVariantGroup;
			children = (
				F370C8921A94C0A3007E4498 /* Base */,
			);
			name = Main.storyboard;
			sourceTree = "<group>";
		};
		F370C8961A94C0A3007E4498 /* LaunchScreen.xib */ = {
			isa = PBXVariantGroup;
			children = (
				F370C8971A94C0A3007E4498 /* Base */,
			);
			name = LaunchScreen.xib;
			sourceTree = "<group>";
		};
/* End PBXVariantGroup section */

/* Begin XCBuildConfiguration section */
		F370C8A51A94C0A3007E4498 /* Debug */ = {
			isa = XCBuildConfiguration;
			buildSettings = {
				ALWAYS_SEARCH_USER_PATHS = NO;
				CLANG_CXX_LANGUAGE_STANDARD = "gnu++0x";
				CLANG_CXX_LIBRARY = "libc++";
				CLANG_ENABLE_MODULES = YES;
				CLANG_ENABLE_OBJC_ARC = YES;
				CLANG_WARN_BOOL_CONVERSION = YES;
				CLANG_WARN_CONSTANT_CONVERSION = YES;
				CLANG_WARN_DIRECT_OBJC_ISA_USAGE = YES_ERROR;
				CLANG_WARN_EMPTY_BODY = YES;
				CLANG_WARN_ENUM_CONVERSION = YES;
				CLANG_WARN_INT_CONVERSION = YES;
				CLANG_WARN_OBJC_ROOT_CLASS = YES_ERROR;
				CLANG_WARN_UNREACHABLE_CODE = YES;
				CLANG_WARN__DUPLICATE_METHOD_MATCH = YES;
				"CODE_SIGN_IDENTITY[sdk=iphoneos*]" = "iPhone Developer";
				COPY_PHASE_STRIP = NO;
				ENABLE_STRICT_OBJC_MSGSEND = YES;
				GCC_C_LANGUAGE_STANDARD = gnu99;
				GCC_DYNAMIC_NO_PIC = NO;
				GCC_OPTIMIZATION_LEVEL = 0;
				GCC_PREPROCESSOR_DEFINITIONS = (
					"DEBUG=1",
					"$(inherited)",
				);
				GCC_SYMBOLS_PRIVATE_EXTERN = NO;
				GCC_WARN_64_TO_32_BIT_CONVERSION = YES;
				GCC_WARN_ABOUT_RETURN_TYPE = YES_ERROR;
				GCC_WARN_UNDECLARED_SELECTOR = YES;
				GCC_WARN_UNINITIALIZED_AUTOS = YES_AGGRESSIVE;
				GCC_WARN_UNUSED_FUNCTION = YES;
				GCC_WARN_UNUSED_VARIABLE = YES;
				IPHONEOS_DEPLOYMENT_TARGET = 8.1;
				MTL_ENABLE_DEBUG_INFO = YES;
				ONLY_ACTIVE_ARCH = YES;
				SDKROOT = iphoneos;
				SWIFT_OPTIMIZATION_LEVEL = "-Onone";
			};
			name = Debug;
		};
		F370C8A61A94C0A3007E4498 /* Release */ = {
			isa = XCBuildConfiguration;
			buildSettings = {
				ALWAYS_SEARCH_USER_PATHS = NO;
				CLANG_CXX_LANGUAGE_STANDARD = "gnu++0x";
				CLANG_CXX_LIBRARY = "libc++";
				CLANG_ENABLE_MODULES = YES;
				CLANG_ENABLE_OBJC_ARC = YES;
				CLANG_WARN_BOOL_CONVERSION = YES;
				CLANG_WARN_CONSTANT_CONVERSION = YES;
				CLANG_WARN_DIRECT_OBJC_ISA_USAGE = YES_ERROR;
				CLANG_WARN_EMPTY_BODY = YES;
				CLANG_WARN_ENUM_CONVERSION = YES;
				CLANG_WARN_INT_CONVERSION = YES;
				CLANG_WARN_OBJC_ROOT_CLASS = YES_ERROR;
				CLANG_WARN_UNREACHABLE_CODE = YES;
				CLANG_WARN__DUPLICATE_METHOD_MATCH = YES;
				"CODE_SIGN_IDENTITY[sdk=iphoneos*]" = "iPhone Developer";
				COPY_PHASE_STRIP = YES;
				ENABLE_NS_ASSERTIONS = NO;
				ENABLE_STRICT_OBJC_MSGSEND = YES;
				GCC_C_LANGUAGE_STANDARD = gnu99;
				GCC_WARN_64_TO_32_BIT_CONVERSION = YES;
				GCC_WARN_ABOUT_RETURN_TYPE = YES_ERROR;
				GCC_WARN_UNDECLARED_SELECTOR = YES;
				GCC_WARN_UNINITIALIZED_AUTOS = YES_AGGRESSIVE;
				GCC_WARN_UNUSED_FUNCTION = YES;
				GCC_WARN_UNUSED_VARIABLE = YES;
				IPHONEOS_DEPLOYMENT_TARGET = 8.1;
				MTL_ENABLE_DEBUG_INFO = NO;
				SDKROOT = iphoneos;
				VALIDATE_PRODUCT = YES;
			};
			name = Release;
		};
		F370C8A81A94C0A3007E4498 /* Debug */ = {
			isa = XCBuildConfiguration;
			buildSettings = {
				ASSETCATALOG_COMPILER_APPICON_NAME = AppIcon;
				INFOPLIST_FILE = DeathBot/Info.plist;
				LD_RUNPATH_SEARCH_PATHS = "$(inherited) @executable_path/Frameworks";
				PRODUCT_NAME = "$(TARGET_NAME)";
			};
			name = Debug;
		};
		F370C8A91A94C0A3007E4498 /* Release */ = {
			isa = XCBuildConfiguration;
			buildSettings = {
				ASSETCATALOG_COMPILER_APPICON_NAME = AppIcon;
				INFOPLIST_FILE = DeathBot/Info.plist;
				LD_RUNPATH_SEARCH_PATHS = "$(inherited) @executable_path/Frameworks";
				PRODUCT_NAME = "$(TARGET_NAME)";
			};
			name = Release;
		};
		F370C8AB1A94C0A3007E4498 /* Debug */ = {
			isa = XCBuildConfiguration;
			buildSettings = {
				BUNDLE_LOADER = "$(TEST_HOST)";
				FRAMEWORK_SEARCH_PATHS = (
					"$(SDKROOT)/Developer/Library/Frameworks",
					"$(inherited)",
				);
				GCC_PREPROCESSOR_DEFINITIONS = (
					"DEBUG=1",
					"$(inherited)",
				);
				INFOPLIST_FILE = DeathBotTests/Info.plist;
				LD_RUNPATH_SEARCH_PATHS = "$(inherited) @executable_path/Frameworks @loader_path/Frameworks";
				PRODUCT_NAME = "$(TARGET_NAME)";
				TEST_HOST = "$(BUILT_PRODUCTS_DIR)/DeathBot.app/DeathBot";
			};
			name = Debug;
		};
		F370C8AC1A94C0A3007E4498 /* Release */ = {
			isa = XCBuildConfiguration;
			buildSettings = {
				BUNDLE_LOADER = "$(TEST_HOST)";
				FRAMEWORK_SEARCH_PATHS = (
					"$(SDKROOT)/Developer/Library/Frameworks",
					"$(inherited)",
				);
				INFOPLIST_FILE = DeathBotTests/Info.plist;
				LD_RUNPATH_SEARCH_PATHS = "$(inherited) @executable_path/Frameworks @loader_path/Frameworks";
				PRODUCT_NAME = "$(TARGET_NAME)";
				TEST_HOST = "$(BUILT_PRODUCTS_DIR)/DeathBot.app/DeathBot";
			};
			name = Release;
		};
/* End XCBuildConfiguration section */

/* Begin XCConfigurationList section */
		F370C87F1A94C0A3007E4498 /* Build configuration list for PBXProject "DeathBot" */ = {
			isa = XCConfigurationList;
			buildConfigurations = (
				F370C8A51A94C0A3007E4498 /* Debug */,
				F370C8A61A94C0A3007E4498 /* Release */,
			);
			defaultConfigurationIsVisible = 0;
			defaultConfigurationName = Release;
		};
		F370C8A71A94C0A3007E4498 /* Build configuration list for PBXNativeTarget "DeathBot" */ = {
			isa = XCConfigurationList;
			buildConfigurations = (
				F370C8A81A94C0A3007E4498 /* Debug */,
				F370C8A91A94C0A3007E4498 /* Release */,
			);
			defaultConfigurationIsVisible = 0;
			defaultConfigurationName = Release;
		};
		F370C8AA1A94C0A3007E4498 /* Build configuration list for PBXNativeTarget "DeathBotTests" */ = {
			isa = XCConfigurationList;
			buildConfigurations = (
				F370C8AB1A94C0A3007E4498 /* Debug */,
				F370C8AC1A94C0A3007E4498 /* Release */,
			);
			defaultConfigurationIsVisible = 0;
			defaultConfigurationName = Release;
		};
/* End XCConfigurationList section */
	};
	rootObject = F370C87C1A94C0A3007E4498 /* Project object */;
}
